# This file is autogenerated, do not edit; changes may be undone by the next 'dep ensure'.


[[projects]]
  digest = "1:f913db46dd2604735e5fe8f08fcf1490509a208697b7d63ac301ff5a84ece948"
  name = "github.com/gizak/termui"
  packages = [
    "v3",
    "v3/drawille",
    "v3/widgets",
  ]
  pruneopts = "UT"
  revision = "4cca61d83fa2cc0f485c478ff768b0108f6591d6"
  version = "v3.1.0"

[[projects]]
  branch = "master"
  digest = "1:04996eea470cd1f3e12b3357614480a9eb6405752606615dd0c04fbfbcc1badc"
  name = "github.com/insomniacslk/dhcp"
  packages = [
    "dhcpv4",
    "dhcpv4/nclient4",
    "dhcpv6",
    "dhcpv6/nclient6",
    "iana",
    "interfaces",
    "rfc1035label",
  ]
  pruneopts = "UT"
  revision = "e1b69ee5fb3318ca17418526efa5bc41c98ff29b"

[[projects]]
  digest = "1:38286a6220cf5b85bae83d5754bbfd7218c833b4fc8b56f5d168ea4bc073ad27"
  name = "github.com/mattn/go-runewidth"
  packages = ["."]
  pruneopts = "UT"
  revision = "14e809f6d78fcf9f48ff9b70981472b64c05f754"
  version = "v0.0.9"

[[projects]]
  branch = "master"
  digest = "1:34275a1f6f60d46dd507bf9b420c0abeff8bf71027fc06c6f6eda2b0c0a4bad4"
  name = "github.com/mdlayher/ethernet"
  packages = ["."]
  pruneopts = "UT"
  revision = "0394541c37b7f86a10e0b49492f6d4f605c34163"

[[projects]]
  branch = "master"
  digest = "1:ab20fabae30fb3b156ec8b93e6c8962f25c0941a1769c9aa523af5d8b51d512b"
  name = "github.com/mdlayher/raw"
  packages = ["."]
  pruneopts = "UT"
  revision = "50f2db8cc0658568575938a39dbaa46172921d98"

[[projects]]
  digest = "1:abf08734a6527df70ed361d7c369fb580e6840d8f7a6012e5f609fdfd93b4e48"
  name = "github.com/mitchellh/go-wordwrap"
  packages = ["."]
  pruneopts = "UT"
  revision = "9e67c67572bc5dd02aef930e2b0ae3c02a4b5a5c"
  version = "v1.0.0"

[[projects]]
  branch = "master"
  digest = "1:8dd4f955dc90892fc8fa21dc8a133ba90d11f5891d0539dbb73156ce1f347d77"
  name = "github.com/nsf/termbox-go"
  packages = ["."]
  pruneopts = "UT"
  revision = "38ba6e5628f1d70bac606cfd210b9ad1a16c3027"

[[projects]]
  branch = "master"
  digest = "1:7c0cb63fd68300ad1d7715902a8204034428a2a73ff8428904a5846dbaf691b0"
  name = "github.com/u-root/u-root"
  packages = [
    "pkg/boot",
    "pkg/boot/ibft",
    "pkg/boot/kexec",
    "pkg/boot/multiboot",
    "pkg/boot/multiboot/internal/trampoline",
    "pkg/cmdline",
    "pkg/dhclient",
    "pkg/mount",
    "pkg/rand",
    "pkg/shlex",
    "pkg/ubinary",
    "pkg/uio",
  ]
  pruneopts = "UT"
  revision = "3441aaa6cf0c5aa20b77727c12584086f0a70d6a"

[[projects]]
  branch = "master"
  digest = "1:b9ced4aa3fba2dd780bb972a0b7535adb618ecea5aaf5cf5df18d03cab446a7b"
  name = "github.com/vishvananda/netlink"
  packages = [
    ".",
    "nl",
  ]
  pruneopts = "UT"
  revision = "bca67dfc8220b44ef582c9da4e9172bf1c9ec973"

[[projects]]
  branch = "master"
  digest = "1:f4426574338c0a0518623550d8c06355cbec9ba21ea5a6187b818aa3d3ed3b47"
  name = "github.com/vishvananda/netns"
  packages = ["."]
  pruneopts = "UT"
  revision = "db3c7e526aae966c4ccfa6c8189b693d6ac5d202"

[[projects]]
  branch = "master"
  digest = "1:1fc1c03687700856ef340d185fd0272e3de88b3a5632283ba3f148cf40c5dcc8"
  name = "golang.org/x/net"
  packages = ["bpf"]
  pruneopts = "UT"
  revision = "ab34263943818b32f575efc978a3d24e80b04bd7"

[[projects]]
  branch = "master"
  digest = "1:4196f59cc34072808c8e7c23c6ce2fffa50d9eff217e2feb734f4b08369a3bf1"
  name = "golang.org/x/sys"
  packages = [
    "internal/unsafeheader",
    "unix",
  ]
  pruneopts = "UT"
  revision = "3e129f6d46b10b0e1da36b3deffcb55e09631b64"

[solve-meta]
  analyzer-name = "dep"
  analyzer-version = 1
  input-imports = [
    "github.com/gizak/termui/v3",
    "github.com/gizak/termui/v3/widgets",
    "github.com/u-root/u-root/pkg/boot",
    "github.com/u-root/u-root/pkg/boot/kexec",
    "github.com/u-root/u-root/pkg/dhclient",
    "github.com/u-root/u-root/pkg/mount",
    "github.com/u-root/u-root/pkg/uio",
    "github.com/vishvananda/netlink",
    "golang.org/x/sys/unix",
  ]
  solver-name = "gps-cdcl"
  solver-version = 1
