# This file is autogenerated, do not edit; changes may be undone by the next 'dep ensure'.


[[projects]]
  digest = "1:27a44a693abe815173ff862b763f95ccc228dd788fbfb71d7d15699048b49d74"
  name = "github.com/cenkalti/backoff"
  packages = ["."]
  pruneopts = ""
  revision = "18fe4ce5a8550e0d0919b680ad3c080a5455bddf"
  version = "v4.0.2"

[[projects]]
  digest = "1:dec9486211fe71cc00a66bc9677b776b8926c3336c09509a16394e30e4b18b74"
  name = "github.com/gizak/termui"
  packages = [
    "v3",
    "v3/drawille",
    "v3/widgets",
  ]
  pruneopts = ""
  revision = "4cca61d83fa2cc0f485c478ff768b0108f6591d6"
  version = "v3.1.0"

[[projects]]
  digest = "1:d19d74ba2e4f95118d88c357fe6ad30840e28343e75023ffa96830d779974566"
  name = "github.com/insomniacslk/dhcp"
  packages = [
    "dhcpv4",
    "dhcpv4/nclient4",
    "dhcpv6",
    "dhcpv6/nclient6",
    "iana",
    "interfaces",
    "rfc1035label",
  ]
  pruneopts = ""
  revision = "e1b69ee5fb3318ca17418526efa5bc41c98ff29b"

[[projects]]
  digest = "1:59794624db141f0f0a893d110111b962984c9844cf565efa91c35bedb882c9ff"
  name = "github.com/mattn/go-runewidth"
  packages = ["."]
  pruneopts = ""
  revision = "14e809f6d78fcf9f48ff9b70981472b64c05f754"
  version = "v0.0.9"

[[projects]]
  branch = "master"
  digest = "1:784945b75874aebb12fbba657773e9fce33b53c6832c7bd26cffd3253a9087c4"
  name = "github.com/mdlayher/ethernet"
  packages = ["."]
  pruneopts = ""
  revision = "0394541c37b7f86a10e0b49492f6d4f605c34163"

[[projects]]
  branch = "master"
  digest = "1:ae8c7c747b36590d55929526d450231ebaacbce50937d065b58088e41ed413be"
  name = "github.com/mdlayher/raw"
  packages = ["."]
  pruneopts = ""
  revision = "50f2db8cc0658568575938a39dbaa46172921d98"

[[projects]]
  digest = "1:713b341855f1480e4baca1e7c5434e1d266441340685ecbde32d59bdc065fb3f"
  name = "github.com/mitchellh/go-wordwrap"
  packages = ["."]
  pruneopts = ""
  revision = "9e67c67572bc5dd02aef930e2b0ae3c02a4b5a5c"
  version = "v1.0.0"

[[projects]]
  branch = "master"
  digest = "1:1942df3305c51265563afcfea827a6b1207117acb7667d6870c03add7165bb1f"
  name = "github.com/nsf/termbox-go"
  packages = ["."]
  pruneopts = ""
  revision = "38ba6e5628f1d70bac606cfd210b9ad1a16c3027"

[[projects]]
  branch = "master"
  digest = "1:c93c9eb031ecd6d4cee79cb880396811fea330f5170abb803f5be4bb417a80aa"
  name = "github.com/rekby/gpt"
  packages = ["."]
  pruneopts = ""
  revision = "7da10aec5566349f29875dad4a59c8341b01e00a"

[[projects]]
  branch = "master"
  digest = "1:d7038d6b145dcc8ab8bd70301510cd12e85952daa8b68b96cbb851aa8e9b7f9e"
  name = "github.com/u-root/u-root"
  packages = [
    "pkg/boot",
    "pkg/boot/ibft",
    "pkg/boot/kexec",
    "pkg/boot/multiboot",
    "pkg/boot/multiboot/internal/trampoline",
    "pkg/boot/syslinux",
    "pkg/cmdline",
    "pkg/curl",
    "pkg/dhclient",
    "pkg/mount",
    "pkg/mount/block",
    "pkg/mount/loop",
    "pkg/pci",
    "pkg/rand",
    "pkg/shlex",
    "pkg/ubinary",
    "pkg/uio",
  ]
  pruneopts = ""
  revision = "ad067b0a53cbe49d5b0c000ccb1acbe9ee0da08c"

[[projects]]
  branch = "master"
  digest = "1:f923218863b1b913b1db4b1afc1a1204a203ccbf8b0bdb86bcd4a4da24f1f2ee"
  name = "github.com/vishvananda/netlink"
  packages = [
    ".",
    "nl",
  ]
  pruneopts = ""
  revision = "98629f7ffc4b05a38794a4aa327ac810602a6d2e"

[[projects]]
  branch = "master"
  digest = "1:096ba1cd91d38ee0bac7f4917c8f0d877b01c1fa7c61a8c4005e9eb79d140a86"
  name = "github.com/vishvananda/netns"
  packages = ["."]
  pruneopts = ""
  revision = "db3c7e526aae966c4ccfa6c8189b693d6ac5d202"

[[projects]]
  branch = "master"
  digest = "1:92cf07fb2067987a7b46e1f63aa50ccde3ee8a7315ffca3e4e8a3a147ac9a717"
  name = "golang.org/x/net"
  packages = ["bpf"]
  pruneopts = ""
  revision = "ab34263943818b32f575efc978a3d24e80b04bd7"

[[projects]]
  branch = "master"
  digest = "1:0ab3a6e867e19170427903297d997455ec237b4226fdd0778f25719b479cff7a"
  name = "golang.org/x/sys"
  packages = [
    "internal/unsafeheader",
    "unix",
  ]
  pruneopts = ""
  revision = "5acd03effb828bdfdbad4e129e7daf84af6670b4"

[[projects]]
  branch = "master"
  digest = "1:484f9b541e8ce421abeacddf297ea1f2db4461896854bc64fc6c1dc60b97821d"
  name = "pack.ag/tftp"
  packages = [
    ".",
    "netascii",
  ]
  pruneopts = ""
  revision = "07909dfbde3c4e388a7e353351191fbb987ce5a5"

[solve-meta]
  analyzer-name = "dep"
  analyzer-version = 1
  input-imports = [
    "github.com/gizak/termui/v3",
    "github.com/gizak/termui/v3/widgets",
    "github.com/u-root/u-root/pkg/boot",
    "github.com/u-root/u-root/pkg/boot/kexec",
    "github.com/u-root/u-root/pkg/boot/syslinux",
    "github.com/u-root/u-root/pkg/dhclient",
    "github.com/u-root/u-root/pkg/mount",
    "github.com/u-root/u-root/pkg/mount/block",
    "github.com/u-root/u-root/pkg/mount/loop",
    "github.com/u-root/u-root/pkg/uio",
    "github.com/vishvananda/netlink",
    "golang.org/x/sys/unix",
  ]
  solver-name = "gps-cdcl"
  solver-version = 1
