# This file is autogenerated, do not edit; changes may be undone by the next 'dep ensure'.


[[projects]]
  digest = "1:6f9339c912bbdda81302633ad7e99a28dfa5a639c864061f1929510a9a64aa74"
  name = "github.com/dustin/go-humanize"
  packages = ["."]
  pruneopts = "UT"
  revision = "9f541cc9db5d55bce703bd99987c9d5cb8eea45e"
  version = "v1.0.0"

[[projects]]
  branch = "master"
  digest = "1:e74f7eed9dafa6a64740516513e0d7d39d3564ea135b8549615e652c03f5a281"
  name = "github.com/google/goexpect"
  packages = ["."]
  pruneopts = "UT"
  revision = "5b6988669ffabaa2cf500d79322a7f938478569f"

[[projects]]
  branch = "master"
  digest = "1:5b66c432b11dc4996e583c298c03a3120c9f2e1c68d05b72adceff13595892c3"
  name = "github.com/google/goterm"
  packages = ["term"]
  pruneopts = "UT"
  revision = "fc88cf888a3fa99ecc23d1efc1a44284268457d3"

[[projects]]
  branch = "master"
  digest = "1:dc157f4af7e4e3c04849af9975647fc9fb5ea361ac88ab0e147af1ddf00ef912"
  name = "github.com/insomniacslk/dhcp"
  packages = [
    "dhcpv4",
    "dhcpv4/nclient4",
    "dhcpv4/server4",
    "dhcpv6",
    "dhcpv6/nclient6",
    "iana",
    "interfaces",
    "rfc1035label",
  ]
  pruneopts = "UT"
  revision = "b3fbc9f9fdd5ac725d73f2a9109e59d4947f067d"

[[projects]]
  branch = "master"
  digest = "1:34275a1f6f60d46dd507bf9b420c0abeff8bf71027fc06c6f6eda2b0c0a4bad4"
  name = "github.com/mdlayher/ethernet"
  packages = ["."]
  pruneopts = "UT"
  revision = "0394541c37b7f86a10e0b49492f6d4f605c34163"

[[projects]]
  branch = "master"
  digest = "1:ab20fabae30fb3b156ec8b93e6c8962f25c0941a1769c9aa523af5d8b51d512b"
  name = "github.com/mdlayher/raw"
  packages = ["."]
  pruneopts = "UT"
  revision = "50f2db8cc0658568575938a39dbaa46172921d98"

[[projects]]
  digest = "1:5150bee20162dcab1e6f2bc07308253ba2c202aee2fe11b7551354a7a33ff584"
  name = "github.com/u-root/u-root"
  packages = [
    "pkg/boot",
    "pkg/cmdline",
    "pkg/cp",
    "pkg/cpio",
    "pkg/dhclient",
    "pkg/golang",
    "pkg/kexec",
    "pkg/ldd",
    "pkg/lockfile",
    "pkg/loop",
    "pkg/ls",
    "pkg/mount",
    "pkg/multiboot",
    "pkg/multiboot/internal/trampoline",
    "pkg/qemu",
    "pkg/rand",
    "pkg/sh",
    "pkg/ubinary",
    "pkg/uio",
    "pkg/uroot",
    "pkg/uroot/builder",
    "pkg/uroot/builder/bb",
    "pkg/uroot/initramfs",
    "pkg/uroot/logger",
  ]
  pruneopts = "UT"
  revision = "9b13d3a77a1436b6f58eb2e0638067f5b04ef1e9"
  version = "v5.0.0"

[[projects]]
  branch = "master"
  digest = "1:64359acbf9db6086e8660c849cc1e4e3bc860c7754bcbaff3f743d8274ceed69"
  name = "github.com/vishvananda/netlink"
  packages = [
    ".",
    "nl",
  ]
  pruneopts = "UT"
  revision = "ed8931371a8063912d9cf485a35447e791ee6f83"

[[projects]]
  branch = "master"
  digest = "1:975cb0c04431bf92e60b636a15897c4a3faba9f7dc04da505646630ac91d29d3"
  name = "github.com/vishvananda/netns"
  packages = ["."]
  pruneopts = "UT"
  revision = "0a2b9b5464df8343199164a0321edf3313202f7e"

[[projects]]
  branch = "master"
  digest = "1:1055f180c19b95e216950a40b6d123d1448e7e63df85a29502192fb028f4f057"
  name = "golang.org/x/crypto"
  packages = [
    "chacha20",
    "curve25519",
    "ed25519",
    "ed25519/internal/edwards25519",
    "internal/subtle",
    "poly1305",
    "ssh",
  ]
  pruneopts = "UT"
  revision = "53104e6ec876ad4e22ad27cce588b01392043c1b"

[[projects]]
  branch = "master"
  digest = "1:1fc1c03687700856ef340d185fd0272e3de88b3a5632283ba3f148cf40c5dcc8"
  name = "golang.org/x/net"
  packages = ["bpf"]
  pruneopts = "UT"
  revision = "c0dbc17a35534bf2e581d7a942408dc936316da4"

[[projects]]
  branch = "master"
  digest = "1:142f4cf70ee4bf17cb43a34c1cb135dd8dc9a5082129f75d8b7b5fb41eeefdff"
  name = "golang.org/x/sys"
  packages = [
    "cpu",
    "unix",
  ]
  pruneopts = "UT"
  revision = "04cbcbbfeed8aa0b2b010b2ddab558e9f717fd3e"

[[projects]]
  branch = "master"
  digest = "1:81034a933b8e243f6c700951903f436029c1c1b53b0d694a9e8626cdeb835b00"
  name = "golang.org/x/tools"
  packages = [
    "go/ast/astutil",
    "go/gcexportdata",
    "go/internal/gcimporter",
    "go/internal/packagesdriver",
    "go/packages",
    "go/types/typeutil",
    "imports",
    "internal/fastwalk",
    "internal/gopathwalk",
    "internal/imports",
    "internal/module",
    "internal/semver",
  ]
  pruneopts = "UT"
  revision = "7b8e75db28f4b09dc0b853eadee5b034956bcb9e"

[[projects]]
  digest = "1:a222e924e8dfeca0eccb0e6e8958d233752df7d52b6996f03df2a13a542c30f4"
  name = "google.golang.org/grpc"
  packages = ["codes"]
  pruneopts = "UT"
  revision = "f5b0812e6fe574d90da76b205e9eb51f6ddb1919"
  version = "v1.26.0"

[[projects]]
  digest = "1:c978be1a6be1a7d81c9ab8834732fcfda1c7cdadae8324627a92e4542f2b4542"
  name = "pack.ag/tftp"
  packages = [
    ".",
    "netascii",
  ]
  pruneopts = "UT"
  revision = "d0fca786a8ea95ad4515bb83b2c34a11ec6a3fc0"
  version = "v1.0.0"

[solve-meta]
  analyzer-name = "dep"
  analyzer-version = 1
  input-imports = [
    "github.com/insomniacslk/dhcp/dhcpv4",
    "github.com/insomniacslk/dhcp/dhcpv4/server4",
    "github.com/u-root/u-root/pkg/boot",
    "github.com/u-root/u-root/pkg/cmdline",
    "github.com/u-root/u-root/pkg/cp",
    "github.com/u-root/u-root/pkg/dhclient",
    "github.com/u-root/u-root/pkg/golang",
    "github.com/u-root/u-root/pkg/kexec",
    "github.com/u-root/u-root/pkg/loop",
    "github.com/u-root/u-root/pkg/mount",
    "github.com/u-root/u-root/pkg/multiboot",
    "github.com/u-root/u-root/pkg/qemu",
    "github.com/u-root/u-root/pkg/sh",
    "github.com/u-root/u-root/pkg/uio",
    "github.com/u-root/u-root/pkg/uroot",
    "github.com/u-root/u-root/pkg/uroot/builder",
    "github.com/u-root/u-root/pkg/uroot/initramfs",
    "github.com/u-root/u-root/pkg/uroot/logger",
    "github.com/vishvananda/netlink",
    "golang.org/x/sys/unix",
    "pack.ag/tftp",
  ]
  solver-name = "gps-cdcl"
  solver-version = 1
